
Microsoft Visual Studio Solution File, Format Version 12.00
# Visual Studio 2012
Project("{9092AA53-FB77-4645-B42D-1CCCA6BD08BD}") = "FlyByDate", "FlyByDate.njsproj", "{AD1C28BA-9C4F-4AA7-B83B-1B17994D9098}"
EndProject
Global
	GlobalSection(SolutionConfigurationPlatforms) = preSolution
		Debug|Any CPU = Debug|Any CPU
		Release|Any CPU = Release|Any CPU
	EndGlobalSection
	GlobalSection(ProjectConfigurationPlatforms) = postSolution
		{AD1C28BA-9C4F-4AA7-B83B-1B17994D9098}.Debug|Any CPU.ActiveCfg = Debug|Any CPU
		{AD1C28BA-9C4F-4AA7-B83B-1B17994D9098}.Debug|Any CPU.Build.0 = Debug|Any CPU
		{AD1C28BA-9C4F-4AA7-B83B-1B17994D9098}.Release|Any CPU.ActiveCfg = Release|Any CPU
		{AD1C28BA-9C4F-4AA7-B83B-1B17994D9098}.Release|Any CPU.Build.0 = Release|Any CPU
	EndGlobalSection
	GlobalSection(SolutionProperties) = preSolution
		HideSolutionNode = FALSE
	EndGlobalSection
EndGlobal
